{
  "nodes": {
    "nixpkgs": {
      "locked": {
        "lastModified": 1622629406,
        "narHash": "sha256-59tv9/AtM362NBt681TJbLfJynPFQEumx95kM8m91fw=",
        "owner": "NixOS",
        "repo": "nixpkgs",
        "rev": "0894deca29135de401bfe59f010a04e5c6a81d1a",
        "type": "github"
      },
      "original": {
        "owner": "NixOS",
        "ref": "release-21.05",
        "repo": "nixpkgs",
        "type": "github"
      }
    },
    "root": {
      "inputs": {
        "nixpkgs": "nixpkgs"
      }
    }
  },
  "root": "root",
  "version": 7
}
